
Microsoft Visual Studio Solution File, Format Version 12.00
# Visual Studio 14
VisualStudioVersion = 14.0.25420.1
MinimumVisualStudioVersion = 10.0.40219.1
Project("{FAE04EC0-301F-11D3-BF4B-00C04F79EFBC}") = "лекция2 зад2", "лекция2 зад2\лекция2 зад2.csproj", "{191D2209-F64B-4942-B83C-6223F39F7BF3}"
EndProject
Global
	GlobalSection(SolutionConfigurationPlatforms) = preSolution
		Debug|Any CPU = Debug|Any CPU
		Release|Any CPU = Release|Any CPU
	EndGlobalSection
	GlobalSection(ProjectConfigurationPlatforms) = postSolution
		{191D2209-F64B-4942-B83C-6223F39F7BF3}.Debug|Any CPU.ActiveCfg = Debug|Any CPU
		{191D2209-F64B-4942-B83C-6223F39F7BF3}.Debug|Any CPU.Build.0 = Debug|Any CPU
		{191D2209-F64B-4942-B83C-6223F39F7BF3}.Release|Any CPU.ActiveCfg = Release|Any CPU
		{191D2209-F64B-4942-B83C-6223F39F7BF3}.Release|Any CPU.Build.0 = Release|Any CPU
	EndGlobalSection
	GlobalSection(SolutionProperties) = preSolution
		HideSolutionNode = FALSE
	EndGlobalSection
EndGlobal
